{
    "_meta": {
        "hash": {
            "sha256": "e739332452d94f764b51c57f3ace4f53673159f2c8946b76f9afde7ed3ba771f"
        },
        "pipfile-spec": 6,
        "requires": {},
        "sources": [
            {
                "name": "pypi",
                "url": "https://pypi.org/simple",
                "verify_ssl": true
            }
        ]
    },
    "default": {
        "antlr4-python3-runtime": {
            "hashes": [
                "sha256:f224469b4168294902bb1efa80a8bf7855f24c99aef99cbefc1bcd3cce77881b"
            ],
            "version": "==4.9.3"
        },
        "certifi": {
            "hashes": [
                "sha256:36973885b9542e6bd01dea287b2b4b3b21236307c56324fcc3f1160f2d655ed5",
                "sha256:e232343de1ab72c2aa521b625c80f699e356830fd0e2c620b465b304b17b0516"
            ],
            "markers": "python_version >= '3.6'",
            "version": "==2022.9.14"
        },
        "cfgraph": {
            "hashes": [
                "sha256:b57fe7044a10b8ff65aa3a8a8ddc7d4cd77bf511b42e57289cd52cbc29f8fe74"
            ],
            "version": "==0.2.1"
        },
        "chardet": {
            "hashes": [
                "sha256:0368df2bfd78b5fc20572bb4e9bb7fb53e2c094f60ae9993339e8671d0afb8aa",
                "sha256:d3e64f022d254183001eccc5db4040520c0f23b1a3f33d6413e099eb7f126557"
            ],
            "markers": "python_version >= '3.6'",
            "version": "==5.0.0"
        },
        "charset-normalizer": {
            "hashes": [
                "sha256:5a3d016c7c547f69d6f81fb0db9449ce888b418b5b9952cc5e6e66843e9dd845",
                "sha256:83e9a75d1911279afd89352c68b45348559d1fc0506b054b346651b5e7fee29f"
            ],
            "markers": "python_version >= '3.6'",
            "version": "==2.1.1"
        },
        "dirlistproc": {
            "hashes": [
                "sha256:2a3918d79ffce1499a82b906aa2645981f2dac449eb324450537d6a3e84f55d6"
            ],
            "index": "pypi",
            "version": "==1.4.5"
        },
        "idna": {
            "hashes": [
                "sha256:814f528e8dead7d329833b91c5faa87d60bf71824cd12a7530b5526063d02cb4",
                "sha256:90b77e79eaa3eba6de819a0c442c0b4ceefc341a7a2ab77d7562bf49f425c5c2"
            ],
            "markers": "python_version >= '3.5'",
            "version": "==3.4"
        },
        "isodate": {
            "hashes": [
                "sha256:0751eece944162659049d35f4f549ed815792b38793f07cf73381c1c87cbed96",
                "sha256:48c5881de7e8b0a0d648cb024c8062dc84e7b840ed81e864c7614fd3c127bde9"
            ],
            "version": "==0.6.1"
        },
        "jsonasobj": {
            "hashes": [
                "sha256:b9e329dc1ceaae7cf5d5b214684a0b100e0dad0be6d5bbabac281ec35ddeca65",
                "sha256:d52e0544a54a08f6ea3f77fa3387271e3648655e0eace2f21e825c26370e44a2"
            ],
            "version": "==1.3.1"
        },
        "pbr": {
            "hashes": [
                "sha256:cfcc4ff8e698256fc17ea3ff796478b050852585aa5bae79ecd05b2ab7b39b9a",
                "sha256:da3e18aac0a3c003e9eea1a81bd23e5a3a75d745670dcf736317b7d966887fdf"
            ],
            "markers": "python_version >= '2.6'",
            "version": "==5.10.0"
        },
        "pyjsg": {
            "hashes": [
                "sha256:10af60ff42219be7e85bf7f11c19b648715b0b29eb2ddbd269e87069a7c3f26d",
                "sha256:4bd6e3ff2833fa2b395bbe803a2d72a5f0bab5b7285bccd0da1a1bc0aee88bfa"
            ],
            "version": "==0.11.10"
        },
        "pyparsing": {
            "hashes": [
                "sha256:2b020ecf7d21b687f219b71ecad3631f644a47f01403fa1d1036b0c6416d70fb",
                "sha256:5026bae9a10eeaefb61dab2f09052b9f4307d44aee4eda64b309723d8d206bbc"
            ],
            "markers": "python_full_version >= '3.6.8'",
            "version": "==3.0.9"
        },
        "pyshex": {
            "hashes": [
                "sha256:0cc29c5cf02ac6779585f85e047baa167cdfc1db83f01e50126ec808f015a62f",
                "sha256:9a899809bb9e6106f6820625b18c3e7b9af16ce7dc25e218c9f542031731c6bb"
            ],
            "index": "pypi",
            "version": "==0.7.14"
        },
        "pyshexc": {
            "hashes": [
                "sha256:35a9975d4b9afeb20ef710fb6680871756381d0c39fbb5470b3b506581a304d3",
                "sha256:efc55ed5cb2453e9df569b03e282505e96bb06597934288f3b23dd980ef10028"
            ],
            "markers": "python_version >= '3.7'",
            "version": "==0.9.1"
        },
        "rdflib": {
            "hashes": [
                "sha256:58d5994610105a457cff7fdfe3d683d87786c5028a45ae032982498a7e913d6f",
                "sha256:da1df14552555c5c7715d8ce71c08f404c988c58a1ecd38552d0da4fc261280d"
            ],
            "index": "pypi",
            "version": "==4.2.2"
        },
        "rdflib-jsonld": {
            "hashes": [
                "sha256:03af8b5540a8e7bb0dae0d9ba1a3bd7f6435abd82cfb4b3ad5e0cdb1bf45a2a6",
                "sha256:d290c03c5097ec3d96bd20dad8ff8b535e3e7cf53d05acf8ac48983eb36a4572"
            ],
            "version": "==0.6.0"
        },
        "rdflib-shim": {
            "hashes": [
                "sha256:8c018072eaef8e30548ef4b3972cfe1e3ec1816c324c1bbfb5157fd792498aab",
                "sha256:e26aa430339fd51ccee656400b3596a206cca09e40defd291f65ee00194bebdb"
            ],
            "markers": "python_version >= '3.7'",
            "version": "==1.0.0"
        },
        "requests": {
            "hashes": [
                "sha256:7c5599b102feddaa661c826c56ab4fee28bfd17f5abca1ebbe3e7f19d7c97983",
                "sha256:8fefa2a1a1365bf5520aac41836fbee479da67864514bdb821f31ce07ce65349"
            ],
            "markers": "python_version >= '3.7' and python_version < '4'",
            "version": "==2.28.1"
        },
        "shexjsg": {
            "hashes": [
                "sha256:3b0d8432dd313bee9e1343382c5e02e9908dd941a7dd7342bf8c0200fe523766",
                "sha256:f17a629fc577fa344382bdee143cd9ff86588537f9f811f66cea6f63cdbcd0b6"
            ],
            "version": "==0.8.2"
        },
        "six": {
            "hashes": [
                "sha256:1e61c37477a1626458e36f7b1d82aa5c9b094fa4802892072e49de9c60c4c926",
                "sha256:8abb2f1d86890a2dfb989f9a77cfcfd3e47c2a354b01111771326f8aa26e0254"
            ],
            "markers": "python_version >= '2.7' and python_version not in '3.0, 3.1, 3.2, 3.3'",
            "version": "==1.16.0"
        },
        "sparql-slurper": {
            "hashes": [
                "sha256:3446e0a45e7043188501754ac61c229b507aacce9d50614ef6ad787b26a332d5",
                "sha256:4f5e28fc75f4f98b0eeca8d0d3ad45a5d3e844ae1203ed7997b127e997e700e3"
            ],
            "markers": "python_version >= '3.6'",
            "version": "==0.3.4"
        },
        "sparqlwrapper": {
            "hashes": [
                "sha256:17ec44b08b8ae2888c801066249f74fe328eec25d90203ce7eadaf82e64484c7",
                "sha256:357ee8a27bc910ea13d77836dbddd0b914991495b8cc1bf70676578155e962a8",
                "sha256:8cf6c21126ed76edc85c5c232fd6f77b9f61f8ad1db90a7147cdde2104aff145",
                "sha256:c7f9c9d8ebb13428771bc3b6dee54197422507dcc3dea34e30d5dcfc53478dec",
                "sha256:d6a66b5b8cda141660e07aeb00472db077a98d22cb588c973209c7336850fb3c"
            ],
            "version": "==1.8.5"
        },
        "urllib3": {
            "hashes": [
                "sha256:753a0374df26658f99d826cfe40394a686d05985786d946fbe4165b5148f5a7c",
                "sha256:a7acd0977125325f516bda9735fa7142b909a8d01e8b2e4c8108d0984e6e0098"
            ],
            "index": "pypi",
            "version": "==1.26.5"
        }
    },
    "develop": {}
}
